
Microsoft Visual Studio Solution File, Format Version 12.00
# Visual Studio Version 17
VisualStudioVersion = 17.4.33213.308
MinimumVisualStudioVersion = 10.0.40219.1
Project("{FAE04EC0-301F-11D3-BF4B-00C04F79EFBC}") = "GestaoProdutos.Api", "GestaoProdutos.Api\GestaoProdutos.Api.csproj", "{52488898-FC83-4922-8195-C38AF914DBEA}"
EndProject
Project("{FAE04EC0-301F-11D3-BF4B-00C04F79EFBC}") = "GestaoProdutos.Domain", "GestaoProdutos.Domain\GestaoProdutos.Domain.csproj", "{7638EFB8-033C-4A73-B58B-845242216F6F}"
EndProject
Project("{FAE04EC0-301F-11D3-BF4B-00C04F79EFBC}") = "GestaoProdutos.Application", "GestaoProdutos.Application\GestaoProdutos.Application.csproj", "{89C3FA7C-CFBD-481B-BCE7-D1C657E3AD98}"
EndProject
Project("{FAE04EC0-301F-11D3-BF4B-00C04F79EFBC}") = "GestaoProdutos.Persistence", "GestaoProdutos.Persistence\GestaoProdutos.Persistence.csproj", "{BE360523-F63A-4C2F-A0CE-4F77BB3DC3DD}"
EndProject
Project("{FAE04EC0-301F-11D3-BF4B-00C04F79EFBC}") = "GestaoProdutos.Tests", "GestaoProdutos.Tests\GestaoProdutos.Tests.csproj", "{2DF50FC2-3D9E-4D97-A524-BB438B116DBE}"
EndProject
Global
	GlobalSection(SolutionConfigurationPlatforms) = preSolution
		Debug|Any CPU = Debug|Any CPU
		Release|Any CPU = Release|Any CPU
	EndGlobalSection
	GlobalSection(ProjectConfigurationPlatforms) = postSolution
		{52488898-FC83-4922-8195-C38AF914DBEA}.Debug|Any CPU.ActiveCfg = Debug|Any CPU
		{52488898-FC83-4922-8195-C38AF914DBEA}.Debug|Any CPU.Build.0 = Debug|Any CPU
		{52488898-FC83-4922-8195-C38AF914DBEA}.Release|Any CPU.ActiveCfg = Release|Any CPU
		{52488898-FC83-4922-8195-C38AF914DBEA}.Release|Any CPU.Build.0 = Release|Any CPU
		{7638EFB8-033C-4A73-B58B-845242216F6F}.Debug|Any CPU.ActiveCfg = Debug|Any CPU
		{7638EFB8-033C-4A73-B58B-845242216F6F}.Debug|Any CPU.Build.0 = Debug|Any CPU
		{7638EFB8-033C-4A73-B58B-845242216F6F}.Release|Any CPU.ActiveCfg = Release|Any CPU
		{7638EFB8-033C-4A73-B58B-845242216F6F}.Release|Any CPU.Build.0 = Release|Any CPU
		{89C3FA7C-CFBD-481B-BCE7-D1C657E3AD98}.Debug|Any CPU.ActiveCfg = Debug|Any CPU
		{89C3FA7C-CFBD-481B-BCE7-D1C657E3AD98}.Debug|Any CPU.Build.0 = Debug|Any CPU
		{89C3FA7C-CFBD-481B-BCE7-D1C657E3AD98}.Release|Any CPU.ActiveCfg = Release|Any CPU
		{89C3FA7C-CFBD-481B-BCE7-D1C657E3AD98}.Release|Any CPU.Build.0 = Release|Any CPU
		{BE360523-F63A-4C2F-A0CE-4F77BB3DC3DD}.Debug|Any CPU.ActiveCfg = Debug|Any CPU
		{BE360523-F63A-4C2F-A0CE-4F77BB3DC3DD}.Debug|Any CPU.Build.0 = Debug|Any CPU
		{BE360523-F63A-4C2F-A0CE-4F77BB3DC3DD}.Release|Any CPU.ActiveCfg = Release|Any CPU
		{BE360523-F63A-4C2F-A0CE-4F77BB3DC3DD}.Release|Any CPU.Build.0 = Release|Any CPU
		{2DF50FC2-3D9E-4D97-A524-BB438B116DBE}.Debug|Any CPU.ActiveCfg = Debug|Any CPU
		{2DF50FC2-3D9E-4D97-A524-BB438B116DBE}.Debug|Any CPU.Build.0 = Debug|Any CPU
		{2DF50FC2-3D9E-4D97-A524-BB438B116DBE}.Release|Any CPU.ActiveCfg = Release|Any CPU
		{2DF50FC2-3D9E-4D97-A524-BB438B116DBE}.Release|Any CPU.Build.0 = Release|Any CPU
	EndGlobalSection
	GlobalSection(SolutionProperties) = preSolution
		HideSolutionNode = FALSE
	EndGlobalSection
	GlobalSection(ExtensibilityGlobals) = postSolution
		SolutionGuid = {4A0EF01D-5668-4701-9E57-3477DCB4CB16}
	EndGlobalSection
EndGlobal
